{
  "lockfile_version": "1",
  "packages": {
    "clang@latest": {
      "last_modified": "2025-11-23T21:50:36Z",
      "resolved": "github:NixOS/nixpkgs/ee09932cedcef15aaf476f9343d1dea2cb77e261#clang",
      "source": "devbox-search",
      "version": "21.1.2",
      "systems": {
        "aarch64-darwin": {
          "outputs": [
            {
              "name": "out",
              "path": "/nix/store/qk20nysrc2170f1mal5k6r0axqn6jmfj-clang-wrapper-21.1.2",
              "default": true
            }
          ],
          "store_path": "/nix/store/qk20nysrc2170f1mal5k6r0axqn6jmfj-clang-wrapper-21.1.2"
        },
        "aarch64-linux": {
          "outputs": [
            {
              "name": "out",
              "path": "/nix/store/wkcizi40n6zh5yiq0kvhyzw3yxrvlg2z-clang-wrapper-21.1.2",
              "default": true
            }
          ],
          "store_path": "/nix/store/wkcizi40n6zh5yiq0kvhyzw3yxrvlg2z-clang-wrapper-21.1.2"
        },
        "x86_64-darwin": {
          "outputs": [
            {
              "name": "out",
              "path": "/nix/store/fvj17s7clsf2n4rhyq0qqcrqhzybdqrz-clang-wrapper-21.1.2",
              "default": true
            }
          ],
          "store_path": "/nix/store/fvj17s7clsf2n4rhyq0qqcrqhzybdqrz-clang-wrapper-21.1.2"
        },
        "x86_64-linux": {
          "outputs": [
            {
              "name": "out",
              "path": "/nix/store/sqlnjj8c3n3si3sjnadhdbcwgrk97g2w-clang-wrapper-21.1.2",
              "default": true
            }
          ],
          "store_path": "/nix/store/sqlnjj8c3n3si3sjnadhdbcwgrk97g2w-clang-wrapper-21.1.2"
        }
      }
    },
    "cmake@latest": {
      "last_modified": "2025-11-23T21:50:36Z",
      "resolved": "github:NixOS/nixpkgs/ee09932cedcef15aaf476f9343d1dea2cb77e261#cmake",
      "source": "devbox-search",
      "version": "4.1.2",
      "systems": {
        "aarch64-darwin": {
          "outputs": [
            {
              "name": "out",
              "path": "/nix/store/0v5vpvwbl94qv9447jz995i4n9mx4l63-cmake-4.1.2",
              "default": true
            }
          ],
          "store_path": "/nix/store/0v5vpvwbl94qv9447jz995i4n9mx4l63-cmake-4.1.2"
        },
        "aarch64-linux": {
          "outputs": [
            {
              "name": "out",
              "path": "/nix/store/ipjw0mbzcycidbw62gsz47cgivqxm2lv-cmake-4.1.2",
              "default": true
            },
            {
              "name": "debug",
              "path": "/nix/store/4m6l2qb5s7vyirybbn3c5k1rv2dww1vy-cmake-4.1.2-debug"
            }
          ],
          "store_path": "/nix/store/ipjw0mbzcycidbw62gsz47cgivqxm2lv-cmake-4.1.2"
        },
        "x86_64-darwin": {
          "outputs": [
            {
              "name": "out",
              "path": "/nix/store/i7c7r2g0zycvi7wh3rnw1dx3aglbvw2d-cmake-4.1.2",
              "default": true
            }
          ],
          "store_path": "/nix/store/i7c7r2g0zycvi7wh3rnw1dx3aglbvw2d-cmake-4.1.2"
        },
        "x86_64-linux": {
          "outputs": [
            {
              "name": "out",
              "path": "/nix/store/w9jm660dykns6hzrdhxmqfywnc9ail8g-cmake-4.1.2",
              "default": true
            },
            {
              "name": "debug",
              "path": "/nix/store/pnizhra0882ijp3nilvzdzbaa0ayq4hd-cmake-4.1.2-debug"
            }
          ],
          "store_path": "/nix/store/w9jm660dykns6hzrdhxmqfywnc9ail8g-cmake-4.1.2"
        }
      }
    },
    "gcc@latest": {
      "last_modified": "2025-11-23T21:50:36Z",
      "resolved": "github:NixOS/nixpkgs/ee09932cedcef15aaf476f9343d1dea2cb77e261#gcc15",
      "source": "devbox-search",
      "version": "15.2.0",
      "systems": {
        "aarch64-darwin": {
          "outputs": [
            {
              "name": "out",
              "path": "/nix/store/10c1v61i0srsfrygar8lff6m04i0f87r-gcc-wrapper-15.2.0",
              "default": true
            },
            {
              "name": "man",
              "path": "/nix/store/ry1wn2cchv5nhqz1fjlfvjbzri9bqsfi-gcc-wrapper-15.2.0-man",
              "default": true
            },
            {
              "name": "info",
              "path": "/nix/store/0px8m9jkrr8bw9z9blvakxbn8ai1y3z4-gcc-wrapper-15.2.0-info"
            }
          ],
          "store_path": "/nix/store/10c1v61i0srsfrygar8lff6m04i0f87r-gcc-wrapper-15.2.0"
        },
        "aarch64-linux": {
          "outputs": [
            {
              "name": "out",
              "path": "/nix/store/sfbljndjwpaxpjlcqb1ijbwl5mrhg275-gcc-wrapper-15.2.0",
              "default": true
            },
            {
              "name": "man",
              "path": "/nix/store/n2yiyrp77gxvkymg89h3sc3jrwy2bsxw-gcc-wrapper-15.2.0-man",
              "default": true
            },
            {
              "name": "info",
              "path": "/nix/store/yvzyq172na36p1nci7qv8x9jf9k4jmkg-gcc-wrapper-15.2.0-info"
            }
          ],
          "store_path": "/nix/store/sfbljndjwpaxpjlcqb1ijbwl5mrhg275-gcc-wrapper-15.2.0"
        },
        "x86_64-darwin": {
          "outputs": [
            {
              "name": "out",
              "path": "/nix/store/an9sir2scyhjnj0nd46x9hmgwkzhlv37-gcc-wrapper-15.2.0",
              "default": true
            },
            {
              "name": "man",
              "path": "/nix/store/r35c3ssh1gwmp15xnz1jbihgzv7hpbrp-gcc-wrapper-15.2.0-man",
              "default": true
            },
            {
              "name": "info",
              "path": "/nix/store/3d8mkahyxfdm5780hr93npjqvcngj7cw-gcc-wrapper-15.2.0-info"
            }
          ],
          "store_path": "/nix/store/an9sir2scyhjnj0nd46x9hmgwkzhlv37-gcc-wrapper-15.2.0"
        },
        "x86_64-linux": {
          "outputs": [
            {
              "name": "out",
              "path": "/nix/store/c0gzhvsgxrl8lwdy1q9qwyjzandqjw53-gcc-wrapper-15.2.0",
              "default": true
            },
            {
              "name": "man",
              "path": "/nix/store/5s05f2faclcqkwxwk4mypwgy4fms66wl-gcc-wrapper-15.2.0-man",
              "default": true
            },
            {
              "name": "info",
              "path": "/nix/store/hj8i63x845rcqacn7jiqqzcxfcwj169q-gcc-wrapper-15.2.0-info"
            }
          ],
          "store_path": "/nix/store/c0gzhvsgxrl8lwdy1q9qwyjzandqjw53-gcc-wrapper-15.2.0"
        }
      }
    },
    "github:NixOS/nixpkgs/nixpkgs-unstable": {
      "last_modified": "2025-12-19T06:18:24Z",
      "resolved": "github:NixOS/nixpkgs/7d853e518814cca2a657b72eeba67ae20ebf7059?lastModified=1766125104"
    },
    "lcov@latest": {
      "last_modified": "2025-11-23T21:50:36Z",
      "resolved": "github:NixOS/nixpkgs/ee09932cedcef15aaf476f9343d1dea2cb77e261#lcov",
      "source": "devbox-search",
      "version": "2.3.2",
      "systems": {
        "aarch64-darwin": {
          "outputs": [
            {
              "name": "out",
              "path": "/nix/store/bwjh774mqh8aywfxbsavbpf6i19j9bf4-lcov-2.3.2",
              "default": true
            }
          ],
          "store_path": "/nix/store/bwjh774mqh8aywfxbsavbpf6i19j9bf4-lcov-2.3.2"
        },
        "aarch64-linux": {
          "outputs": [
            {
              "name": "out",
              "path": "/nix/store/5f0b6ldm9j7g8p9q5gf12824242x2hym-lcov-2.3.2",
              "default": true
            }
          ],
          "store_path": "/nix/store/5f0b6ldm9j7g8p9q5gf12824242x2hym-lcov-2.3.2"
        },
        "x86_64-darwin": {
          "outputs": [
            {
              "name": "out",
              "path": "/nix/store/4928cmy8sgwi18cm385gxbgbby7bjd34-lcov-2.3.2",
              "default": true
            }
          ],
          "store_path": "/nix/store/4928cmy8sgwi18cm385gxbgbby7bjd34-lcov-2.3.2"
        },
        "x86_64-linux": {
          "outputs": [
            {
              "name": "out",
              "path": "/nix/store/rgf8m6s0c7cfcarr5iys65p6jzs1w1a5-lcov-2.3.2",
              "default": true
            }
          ],
          "store_path": "/nix/store/rgf8m6s0c7cfcarr5iys65p6jzs1w1a5-lcov-2.3.2"
        }
      }
    },
    "ninja@latest": {
      "last_modified": "2025-11-23T21:50:36Z",
      "resolved": "github:NixOS/nixpkgs/ee09932cedcef15aaf476f9343d1dea2cb77e261#ninja",
      "source": "devbox-search",
      "version": "1.13.1",
      "systems": {
        "aarch64-darwin": {
          "outputs": [
            {
              "name": "out",
              "path": "/nix/store/6y79vrqachzns4pgl8r0j04b7g33hl52-ninja-1.13.1",
              "default": true
            }
          ],
          "store_path": "/nix/store/6y79vrqachzns4pgl8r0j04b7g33hl52-ninja-1.13.1"
        },
        "aarch64-linux": {
          "outputs": [
            {
              "name": "out",
              "path": "/nix/store/jpwn5zii6bzpvf9dm4dw7cdvwychpxwz-ninja-1.13.1",
              "default": true
            }
          ],
          "store_path": "/nix/store/jpwn5zii6bzpvf9dm4dw7cdvwychpxwz-ninja-1.13.1"
        },
        "x86_64-darwin": {
          "outputs": [
            {
              "name": "out",
              "path": "/nix/store/82kdfnd09s2npwlsnqzak29nf592czr6-ninja-1.13.1",
              "default": true
            }
          ],
          "store_path": "/nix/store/82kdfnd09s2npwlsnqzak29nf592czr6-ninja-1.13.1"
        },
        "x86_64-linux": {
          "outputs": [
            {
              "name": "out",
              "path": "/nix/store/nib1r4k4cqph7zjjnbfc1d6cbg11qr76-ninja-1.13.1",
              "default": true
            }
          ],
          "store_path": "/nix/store/nib1r4k4cqph7zjjnbfc1d6cbg11qr76-ninja-1.13.1"
        }
      }
    }
  }
}
